
Microsoft Visual Studio Solution File, Format Version 12.00
# Visual Studio 15
VisualStudioVersion = 15.0.28307.489
MinimumVisualStudioVersion = 10.0.40219.1
Project("{9A19103F-16F7-4668-BE54-9A1E7A4F7556}") = "SlackIntegration.Functions", "SlackIntegration.Functions\SlackIntegration.Functions.csproj", "{5E62CF28-E2DB-4C26-9133-9311C207EBDE}"
EndProject
Project("{FAE04EC0-301F-11D3-BF4B-00C04F79EFBC}") = "SlackIntegration.DTO", "SlackIntegration.DTO\SlackIntegration.DTO.csproj", "{0BF01E57-294B-4DA1-A9AF-DD5BB7ED10A2}"
EndProject
Project("{FAE04EC0-301F-11D3-BF4B-00C04F79EFBC}") = "SlackIntegration.Services", "SlackIntegration.Services\SlackIntegration.Services.csproj", "{A2B6580D-C77F-4070-9393-39B32F04B29C}"
EndProject
Project("{00D1A9C2-B5F0-4AF3-8072-F6C62B433612}") = "SlackIntegration.Database", "SlackIntegration.Database\SlackIntegration.Database.sqlproj", "{94B80CBD-8B05-4ADD-9BDD-5D873001C7A4}"
EndProject
Project("{FAE04EC0-301F-11D3-BF4B-00C04F79EFBC}") = "SlackIntegration.Data", "SlackIntegration.Data\SlackIntegration.Data.csproj", "{655E5B7D-4835-43D0-82F2-568E83CFBDB5}"
EndProject
Global
	GlobalSection(SolutionConfigurationPlatforms) = preSolution
		Debug|Any CPU = Debug|Any CPU
		Release|Any CPU = Release|Any CPU
	EndGlobalSection
	GlobalSection(ProjectConfigurationPlatforms) = postSolution
		{5E62CF28-E2DB-4C26-9133-9311C207EBDE}.Debug|Any CPU.ActiveCfg = Debug|Any CPU
		{5E62CF28-E2DB-4C26-9133-9311C207EBDE}.Debug|Any CPU.Build.0 = Debug|Any CPU
		{5E62CF28-E2DB-4C26-9133-9311C207EBDE}.Release|Any CPU.ActiveCfg = Release|Any CPU
		{5E62CF28-E2DB-4C26-9133-9311C207EBDE}.Release|Any CPU.Build.0 = Release|Any CPU
		{0BF01E57-294B-4DA1-A9AF-DD5BB7ED10A2}.Debug|Any CPU.ActiveCfg = Debug|Any CPU
		{0BF01E57-294B-4DA1-A9AF-DD5BB7ED10A2}.Debug|Any CPU.Build.0 = Debug|Any CPU
		{0BF01E57-294B-4DA1-A9AF-DD5BB7ED10A2}.Release|Any CPU.ActiveCfg = Release|Any CPU
		{0BF01E57-294B-4DA1-A9AF-DD5BB7ED10A2}.Release|Any CPU.Build.0 = Release|Any CPU
		{A2B6580D-C77F-4070-9393-39B32F04B29C}.Debug|Any CPU.ActiveCfg = Debug|Any CPU
		{A2B6580D-C77F-4070-9393-39B32F04B29C}.Debug|Any CPU.Build.0 = Debug|Any CPU
		{A2B6580D-C77F-4070-9393-39B32F04B29C}.Release|Any CPU.ActiveCfg = Release|Any CPU
		{A2B6580D-C77F-4070-9393-39B32F04B29C}.Release|Any CPU.Build.0 = Release|Any CPU
		{94B80CBD-8B05-4ADD-9BDD-5D873001C7A4}.Debug|Any CPU.ActiveCfg = Debug|Any CPU
		{94B80CBD-8B05-4ADD-9BDD-5D873001C7A4}.Debug|Any CPU.Build.0 = Debug|Any CPU
		{94B80CBD-8B05-4ADD-9BDD-5D873001C7A4}.Debug|Any CPU.Deploy.0 = Debug|Any CPU
		{94B80CBD-8B05-4ADD-9BDD-5D873001C7A4}.Release|Any CPU.ActiveCfg = Release|Any CPU
		{94B80CBD-8B05-4ADD-9BDD-5D873001C7A4}.Release|Any CPU.Build.0 = Release|Any CPU
		{94B80CBD-8B05-4ADD-9BDD-5D873001C7A4}.Release|Any CPU.Deploy.0 = Release|Any CPU
		{655E5B7D-4835-43D0-82F2-568E83CFBDB5}.Debug|Any CPU.ActiveCfg = Debug|Any CPU
		{655E5B7D-4835-43D0-82F2-568E83CFBDB5}.Debug|Any CPU.Build.0 = Debug|Any CPU
		{655E5B7D-4835-43D0-82F2-568E83CFBDB5}.Release|Any CPU.ActiveCfg = Release|Any CPU
		{655E5B7D-4835-43D0-82F2-568E83CFBDB5}.Release|Any CPU.Build.0 = Release|Any CPU
	EndGlobalSection
	GlobalSection(SolutionProperties) = preSolution
		HideSolutionNode = FALSE
	EndGlobalSection
	GlobalSection(ExtensibilityGlobals) = postSolution
		SolutionGuid = {B0B8AC06-4C50-4EAF-AC23-617D2C6C75F3}
	EndGlobalSection
EndGlobal
